
Microsoft Visual Studio Solution File, Format Version 12.00
# Visual Studio 2013
VisualStudioVersion = 12.0.30501.0
MinimumVisualStudioVersion = 10.0.40219.1
Project("{FAE04EC0-301F-11D3-BF4B-00C04F79EFBC}") = "PPSoft_SkedgeIT", "PPSoft_SkedgeIT\PPSoft_SkedgeIT.csproj", "{43BFB27A-D102-4335-9F0D-EA6CFFFBE7D9}"
EndProject
Project("{FAE04EC0-301F-11D3-BF4B-00C04F79EFBC}") = "PPSoft_SkedgeITViewModels", "PPSoft_SkedgeITViewModels\PPSoft_SkedgeITViewModels.csproj", "{BDDCC4D5-A534-4091-BE4A-5CAFFEB7CA52}"
EndProject
Project("{FAE04EC0-301F-11D3-BF4B-00C04F79EFBC}") = "PPSoft_SkedgeITModels", "PPSoft_SkedgeITModels\PPSoft_SkedgeITModels.csproj", "{4B14BC04-DC26-4670-B2A0-CF4DD4A6B405}"
EndProject
Global
	GlobalSection(SolutionConfigurationPlatforms) = preSolution
		Debug|Any CPU = Debug|Any CPU
		Debug|Mixed Platforms = Debug|Mixed Platforms
		Debug|x86 = Debug|x86
		Release|Any CPU = Release|Any CPU
		Release|Mixed Platforms = Release|Mixed Platforms
		Release|x86 = Release|x86
	EndGlobalSection
	GlobalSection(ProjectConfigurationPlatforms) = postSolution
		{43BFB27A-D102-4335-9F0D-EA6CFFFBE7D9}.Debug|Any CPU.ActiveCfg = Debug|Any CPU
		{43BFB27A-D102-4335-9F0D-EA6CFFFBE7D9}.Debug|Any CPU.Build.0 = Debug|Any CPU
		{43BFB27A-D102-4335-9F0D-EA6CFFFBE7D9}.Debug|Mixed Platforms.ActiveCfg = Debug|Any CPU
		{43BFB27A-D102-4335-9F0D-EA6CFFFBE7D9}.Debug|Mixed Platforms.Build.0 = Debug|Any CPU
		{43BFB27A-D102-4335-9F0D-EA6CFFFBE7D9}.Debug|x86.ActiveCfg = Debug|Any CPU
		{43BFB27A-D102-4335-9F0D-EA6CFFFBE7D9}.Release|Any CPU.ActiveCfg = Release|Any CPU
		{43BFB27A-D102-4335-9F0D-EA6CFFFBE7D9}.Release|Any CPU.Build.0 = Release|Any CPU
		{43BFB27A-D102-4335-9F0D-EA6CFFFBE7D9}.Release|Mixed Platforms.ActiveCfg = Release|Any CPU
		{43BFB27A-D102-4335-9F0D-EA6CFFFBE7D9}.Release|Mixed Platforms.Build.0 = Release|Any CPU
		{43BFB27A-D102-4335-9F0D-EA6CFFFBE7D9}.Release|x86.ActiveCfg = Release|Any CPU
		{BDDCC4D5-A534-4091-BE4A-5CAFFEB7CA52}.Debug|Any CPU.ActiveCfg = Debug|Any CPU
		{BDDCC4D5-A534-4091-BE4A-5CAFFEB7CA52}.Debug|Any CPU.Build.0 = Debug|Any CPU
		{BDDCC4D5-A534-4091-BE4A-5CAFFEB7CA52}.Debug|Mixed Platforms.ActiveCfg = Debug|Any CPU
		{BDDCC4D5-A534-4091-BE4A-5CAFFEB7CA52}.Debug|Mixed Platforms.Build.0 = Debug|Any CPU
		{BDDCC4D5-A534-4091-BE4A-5CAFFEB7CA52}.Debug|x86.ActiveCfg = Debug|Any CPU
		{BDDCC4D5-A534-4091-BE4A-5CAFFEB7CA52}.Release|Any CPU.ActiveCfg = Release|Any CPU
		{BDDCC4D5-A534-4091-BE4A-5CAFFEB7CA52}.Release|Any CPU.Build.0 = Release|Any CPU
		{BDDCC4D5-A534-4091-BE4A-5CAFFEB7CA52}.Release|Mixed Platforms.ActiveCfg = Release|Any CPU
		{BDDCC4D5-A534-4091-BE4A-5CAFFEB7CA52}.Release|x86.ActiveCfg = Release|Any CPU
		{4B14BC04-DC26-4670-B2A0-CF4DD4A6B405}.Debug|Any CPU.ActiveCfg = Debug|Any CPU
		{4B14BC04-DC26-4670-B2A0-CF4DD4A6B405}.Debug|Any CPU.Build.0 = Debug|Any CPU
		{4B14BC04-DC26-4670-B2A0-CF4DD4A6B405}.Debug|Mixed Platforms.ActiveCfg = Debug|Any CPU
		{4B14BC04-DC26-4670-B2A0-CF4DD4A6B405}.Debug|Mixed Platforms.Build.0 = Debug|Any CPU
		{4B14BC04-DC26-4670-B2A0-CF4DD4A6B405}.Debug|x86.ActiveCfg = Debug|Any CPU
		{4B14BC04-DC26-4670-B2A0-CF4DD4A6B405}.Release|Any CPU.ActiveCfg = Release|Any CPU
		{4B14BC04-DC26-4670-B2A0-CF4DD4A6B405}.Release|Any CPU.Build.0 = Release|Any CPU
		{4B14BC04-DC26-4670-B2A0-CF4DD4A6B405}.Release|Mixed Platforms.ActiveCfg = Release|Any CPU
		{4B14BC04-DC26-4670-B2A0-CF4DD4A6B405}.Release|Mixed Platforms.Build.0 = Release|Any CPU
		{4B14BC04-DC26-4670-B2A0-CF4DD4A6B405}.Release|x86.ActiveCfg = Release|Any CPU
	EndGlobalSection
	GlobalSection(SolutionProperties) = preSolution
		HideSolutionNode = FALSE
	EndGlobalSection
EndGlobal
